
Microsoft Visual Studio Solution File, Format Version 12.00
# Visual Studio Version 16
VisualStudioVersion = 16.0.35130.168
MinimumVisualStudioVersion = 10.0.40219.1
Project("{FAE04EC0-301F-11D3-BF4B-00C04F79EFBC}") = "TestAlma", "TestAlma.csproj", "{8DB5A7F6-6A80-4D08-9922-04A0A7C63A39}"
EndProject
Global
	GlobalSection(SolutionConfigurationPlatforms) = preSolution
		Debug|Any CPU = Debug|Any CPU
		Release|Any CPU = Release|Any CPU
	EndGlobalSection
	GlobalSection(ProjectConfigurationPlatforms) = postSolution
		{8DB5A7F6-6A80-4D08-9922-04A0A7C63A39}.Debug|Any CPU.ActiveCfg = Debug|Any CPU
		{8DB5A7F6-6A80-4D08-9922-04A0A7C63A39}.Debug|Any CPU.Build.0 = Debug|Any CPU
		{8DB5A7F6-6A80-4D08-9922-04A0A7C63A39}.Release|Any CPU.ActiveCfg = Release|Any CPU
		{8DB5A7F6-6A80-4D08-9922-04A0A7C63A39}.Release|Any CPU.Build.0 = Release|Any CPU
	EndGlobalSection
	GlobalSection(SolutionProperties) = preSolution
		HideSolutionNode = FALSE
	EndGlobalSection
	GlobalSection(ExtensibilityGlobals) = postSolution
		SolutionGuid = {452C5F10-6985-4213-B4DE-1067CE73CB82}
	EndGlobalSection
EndGlobal
